<?xml version="1.0" encoding="utf-8"?>
<Project ToolsVersion="4.0" xmlns="http://schemas.microsoft.com/developer/msbuild/2003">
  <ItemGroup>
    <Filter Include="Source Files">
      <UniqueIdentifier>{4FC737F1-C7A5-4376-A066-2A32D752A2FF}</UniqueIdentifier>
      <Extensions>cpp;c;cc;cxx;c++;cppm;ixx;def;odl;idl;hpj;bat;asm;asmx</Extensions>
    </Filter>
    <Filter Include="Header Files">
      <UniqueIdentifier>{93995380-89BD-4b04-88EB-625FBE52EBFB}</UniqueIdentifier>
      <Extensions>h;hh;hpp;hxx;h++;hm;inl;inc;ipp;xsd</Extensions>
    </Filter>
    <Filter Include="Resource Files">
      <UniqueIdentifier>{67DA6AB6-F800-4c08-8B7A-83BB121AAD01}</UniqueIdentifier>
      <Extensions>rc;ico;cur;bmp;dlg;rc2;rct;bin;rgs;gif;jpg;jpeg;jpe;resx;tiff;tif;png;wav;mfcribbon-ms</Extensions>
    </Filter>
    <Filter Include="Header Files\Geometry">
      <UniqueIdentifier>{7c1eba2e-19b3-4c5b-8a32-886e0edc488c}</UniqueIdentifier>
    </Filter>
    <Filter Include="Source Files\Geometry">
      <UniqueIdentifier>{669aeae5-b990-47ed-8d50-8ef8f2a89bd8}</UniqueIdentifier>
    </Filter>
    <Filter Include="Source Files\Viewer">
      <UniqueIdentifier>{c7205272-b941-4b45-8769-6359c4713b9f}</UniqueIdentifier>
    </Filter>
    <Filter Include="Header Files\Viewer">
      <UniqueIdentifier>{9b348648-f0f4-4f5a-bdda-23f5b5a6c8c2}</UniqueIdentifier>
    </Filter>
    <Filter Include="Header Files\Meshing">
      <UniqueIdentifier>{c623f174-e110-4d7b-87ce-8e5f7f43a085}</UniqueIdentifier>
    </Filter>
    <Filter Include="Source Files\Meshing">
      <UniqueIdentifier>{33882666-50e5-44d1-8a15-a1b4edecb25c}</UniqueIdentifier>
    </Filter>
    <Filter Include="Header Files\JavaGlue">
      <UniqueIdentifier>{9dfeb39d-8f04-446e-9173-26212eb99081}</UniqueIdentifier>
    </Filter>
    <Filter Include="Source Files\JavaGlue">
      <UniqueIdentifier>{46b3858e-079f-4623-a2ad-cf052ab452f4}</UniqueIdentifier>
    </Filter>
    <Filter Include="Header Files\Utils">
      <UniqueIdentifier>{e62257f4-c85c-4e02-90a6-37c89190fb60}</UniqueIdentifier>
    </Filter>
    <Filter Include="Source Files\Utils">
      <UniqueIdentifier>{eec7fefd-12be-4700-a816-f0cb4591f67c}</UniqueIdentifier>
    </Filter>
  </ItemGroup>
  <ItemGroup>
    <ClInclude Include="framework.h">
      <Filter>Header Files</Filter>
    </ClInclude>
    <ClInclude Include="pch.h">
      <Filter>Header Files</Filter>
    </ClInclude>
    <ClInclude Include="Msg.h">
      <Filter>Header Files\Viewer</Filter>
    </ClInclude>
    <ClInclude Include="Constants.h">
      <Filter>Header Files\Geometry</Filter>
    </ClInclude>
    <ClInclude Include="Node.h">
      <Filter>Header Files\Geometry</Filter>
    </ClInclude>
    <ClInclude Include="ArrayList.h">
      <Filter>Header Files\JavaGlue</Filter>
    </ClInclude>
    <ClInclude Include="Numbers.h">
      <Filter>Header Files\Utils</Filter>
    </ClInclude>
    <ClInclude Include="Edge.h">
      <Filter>Header Files\Geometry</Filter>
    </ClInclude>
    <ClInclude Include="MyVector.h">
      <Filter>Header Files\Geometry</Filter>
    </ClInclude>
    <ClInclude Include="Triangle.h">
      <Filter>Header Files\Geometry</Filter>
    </ClInclude>
    <ClInclude Include="Element.h">
      <Filter>Header Files\Geometry</Filter>
    </ClInclude>
    <ClInclude Include="Ray.h">
      <Filter>Header Files\Geometry</Filter>
    </ClInclude>
    <ClInclude Include="Quad.h">
      <Filter>Header Files\Geometry</Filter>
    </ClInclude>
  </ItemGroup>
  <ItemGroup>
    <ClCompile Include="pch.cpp">
      <Filter>Source Files</Filter>
    </ClCompile>
    <ClCompile Include="Msg.cpp">
      <Filter>Source Files\Viewer</Filter>
    </ClCompile>
    <ClCompile Include="Node.cpp">
      <Filter>Source Files\Geometry</Filter>
    </ClCompile>
    <ClCompile Include="Numbers.cpp">
      <Filter>Source Files\Utils</Filter>
    </ClCompile>
    <ClCompile Include="MyVector.cpp">
      <Filter>Source Files\Geometry</Filter>
    </ClCompile>
    <ClCompile Include="Ray.cpp">
      <Filter>Source Files\Geometry</Filter>
    </ClCompile>
    <ClCompile Include="Edge.cpp">
      <Filter>Source Files\Geometry</Filter>
    </ClCompile>
    <ClCompile Include="Element.cpp">
      <Filter>Source Files\Geometry</Filter>
    </ClCompile>
    <ClCompile Include="Triangle.cpp">
      <Filter>Source Files\Geometry</Filter>
    </ClCompile>
    <ClCompile Include="Quad.cpp">
      <Filter>Source Files\Geometry</Filter>
    </ClCompile>
  </ItemGroup>
</Project>